
Microsoft Visual Studio Solution File, Format Version 12.00
# Visual Studio Version 17
VisualStudioVersion = 17.14.36301.6 d17.14
MinimumVisualStudioVersion = 10.0.40219.1
Project("{FAE04EC0-301F-11D3-BF4B-00C04F79EFBC}") = "Audimedic_Backend", "Audimedic_Backend.csproj", "{2B9DEA4A-3D9C-4BA2-A35D-4324E1202C1D}"
EndProject
Global
	GlobalSection(SolutionConfigurationPlatforms) = preSolution
		Debug|Any CPU = Debug|Any CPU
		Release|Any CPU = Release|Any CPU
	EndGlobalSection
	GlobalSection(ProjectConfigurationPlatforms) = postSolution
		{2B9DEA4A-3D9C-4BA2-A35D-4324E1202C1D}.Debug|Any CPU.ActiveCfg = Debug|Any CPU
		{2B9DEA4A-3D9C-4BA2-A35D-4324E1202C1D}.Debug|Any CPU.Build.0 = Debug|Any CPU
		{2B9DEA4A-3D9C-4BA2-A35D-4324E1202C1D}.Release|Any CPU.ActiveCfg = Release|Any CPU
		{2B9DEA4A-3D9C-4BA2-A35D-4324E1202C1D}.Release|Any CPU.Build.0 = Release|Any CPU
	EndGlobalSection
	GlobalSection(SolutionProperties) = preSolution
		HideSolutionNode = FALSE
	EndGlobalSection
	GlobalSection(ExtensibilityGlobals) = postSolution
		SolutionGuid = {EB983B32-B71C-4A95-89BD-F7E86056078A}
	EndGlobalSection
EndGlobal
